PODS:
  - Flutter (1.0.0)
  - live_chat_plus (1.0.0):
    - Flutter
    - LiveChat (~> 2.0.24)
  - LiveChat (2.0.24)

DEPENDENCIES:
  - Flutter (from `Flutter`)
  - live_chat_plus (from `.symlinks/plugins/live_chat_plus/ios`)

SPEC REPOS:
  trunk:
    - LiveChat

EXTERNAL SOURCES:
  Flutter:
    :path: Flutter
  live_chat_plus:
    :path: ".symlinks/plugins/live_chat_plus/ios"

SPEC CHECKSUMS:
  Flutter: e0871f40cf51350855a761d2e70bf5af5b9b5de7
  live_chat_plus: 350ed037901aaf9ebea32683a10c2962234073fa
  LiveChat: 63028afb59c57ae6771d59838b1097def6e560ed

PODFILE CHECKSUM: 7be2f5f74864d463a8ad433546ed1de7e0f29aef

COCOAPODS: 1.13.0
